{
  "requires": true,
  "lockfileVersion": 1,
  "dependencies": {
    "lodash": {
      "version": "4.17.21",
      "resolved": "https://registry.npmjs.org/lodash/-/lodash-4.17.21.tgz",
      "integrity": "sha512-v2kDEe57lecTulaDIuNTPy3Ry4gLGJ6Z1O3vE1krgXZNrsQ+LFTGHVxVjcXPs17LhbZVGedAJv8XZ1tvj5FvSg=="
    },
    "minimist": {
      "version": "1.2.5",
      "resolved": "https://registry.npmjs.org/minimist/-/minimist-1.2.5.tgz",
      "integrity": "sha512-FM9nNUYrRBAELZQT3xeZQ7fmMOBg6nWNmJKTcgsJeaLstP/UODVpGsr5OhXhhXg6f+qtJ8uiZ+PUxkDWcgIXLw=="
    },
    "nlp-js-tools-french": {
      "version": "1.0.9",
      "resolved": "https://registry.npmjs.org/nlp-js-tools-french/-/nlp-js-tools-french-1.0.9.tgz",
      "integrity": "sha1-FAC+8QQ1xNuhvtjreS8BCBZmiLk=",
      "requires": {
        "lodash": "^4.17.4"
      }
    },
    "node-fetch": {
      "version": "2.6.1",
      "resolved": "https://registry.npmjs.org/node-fetch/-/node-fetch-2.6.1.tgz",
      "integrity": "sha512-V4aYg89jEoVRxRb2fJdAg8FHvI7cEyYdVAh94HH0UIK8oJxUfkjlDQN9RbMx+bEjP7+ggMiFRprSti032Oipxw=="
    },
    "stopwords-fr": {
      "version": "0.3.0",
      "resolved": "https://registry.npmjs.org/stopwords-fr/-/stopwords-fr-0.3.0.tgz",
      "integrity": "sha512-QPLifH9dO1dvPitzunVJnnO6P5cj1nNvnAmj9Ci+mMQfyqwGhheKZO75buN6sgX/mYT8SwCuRz8chVLhGT9D4g=="
    }
  }
}
